
Microsoft Visual Studio Solution File, Format Version 12.00
# Visual Studio 15
VisualStudioVersion = 15.0.27703.2042
MinimumVisualStudioVersion = 10.0.40219.1
Project("{FAE04EC0-301F-11D3-BF4B-00C04F79EFBC}") = "Predicate", "Predicate\Predicate.csproj", "{F3087F57-422C-41EA-9BF1-E1ECBD0CE0F8}"
EndProject
Global
	GlobalSection(SolutionConfigurationPlatforms) = preSolution
		Debug|Any CPU = Debug|Any CPU
		Release|Any CPU = Release|Any CPU
	EndGlobalSection
	GlobalSection(ProjectConfigurationPlatforms) = postSolution
		{F3087F57-422C-41EA-9BF1-E1ECBD0CE0F8}.Debug|Any CPU.ActiveCfg = Debug|Any CPU
		{F3087F57-422C-41EA-9BF1-E1ECBD0CE0F8}.Debug|Any CPU.Build.0 = Debug|Any CPU
		{F3087F57-422C-41EA-9BF1-E1ECBD0CE0F8}.Release|Any CPU.ActiveCfg = Release|Any CPU
		{F3087F57-422C-41EA-9BF1-E1ECBD0CE0F8}.Release|Any CPU.Build.0 = Release|Any CPU
	EndGlobalSection
	GlobalSection(SolutionProperties) = preSolution
		HideSolutionNode = FALSE
	EndGlobalSection
	GlobalSection(ExtensibilityGlobals) = postSolution
		SolutionGuid = {1504BA14-C801-43A0-85C8-53BB61B14F78}
	EndGlobalSection
EndGlobal
